
Microsoft Visual Studio Solution File, Format Version 12.00
# Visual Studio Version 17
VisualStudioVersion = 17.2.32516.85
MinimumVisualStudioVersion = 10.0.40219.1
Project("{FAE04EC0-301F-11D3-BF4B-00C04F79EFBC}") = "WaveProgress", "WaveProgress\WaveProgress.csproj", "{B81FFB79-EC72-4D1C-AA50-C0BE460EFF7E}"
EndProject
Global
	GlobalSection(SolutionConfigurationPlatforms) = preSolution
		Debug|Any CPU = Debug|Any CPU
		Release|Any CPU = Release|Any CPU
	EndGlobalSection
	GlobalSection(ProjectConfigurationPlatforms) = postSolution
		{B81FFB79-EC72-4D1C-AA50-C0BE460EFF7E}.Debug|Any CPU.ActiveCfg = Debug|Any CPU
		{B81FFB79-EC72-4D1C-AA50-C0BE460EFF7E}.Debug|Any CPU.Build.0 = Debug|Any CPU
		{B81FFB79-EC72-4D1C-AA50-C0BE460EFF7E}.Release|Any CPU.ActiveCfg = Release|Any CPU
		{B81FFB79-EC72-4D1C-AA50-C0BE460EFF7E}.Release|Any CPU.Build.0 = Release|Any CPU
	EndGlobalSection
	GlobalSection(SolutionProperties) = preSolution
		HideSolutionNode = FALSE
	EndGlobalSection
	GlobalSection(ExtensibilityGlobals) = postSolution
		        SolutionGuid = {6DAE1BDC-135E-438F-B90E-E4F32C57723A}
		SolutionGuid = {80CD25AE-B47C-4E4F-B227-D4CFCC663288}
	EndGlobalSection
EndGlobal
